
Microsoft Visual Studio Solution File, Format Version 12.00
# Visual Studio Version 16
VisualStudioVersion = 16.0.30907.101
MinimumVisualStudioVersion = 10.0.40219.1
Project("{FAE04EC0-301F-11D3-BF4B-00C04F79EFBC}") = "WindowsFormsApp Football Team", "WindowsFormsApp Football Team\WindowsFormsApp Football Team.csproj", "{05CDE44D-F7DC-4804-9E17-BC87049A6920}"
EndProject
Global
	GlobalSection(SolutionConfigurationPlatforms) = preSolution
		Debug|Any CPU = Debug|Any CPU
		Release|Any CPU = Release|Any CPU
	EndGlobalSection
	GlobalSection(ProjectConfigurationPlatforms) = postSolution
		{05CDE44D-F7DC-4804-9E17-BC87049A6920}.Debug|Any CPU.ActiveCfg = Debug|Any CPU
		{05CDE44D-F7DC-4804-9E17-BC87049A6920}.Debug|Any CPU.Build.0 = Debug|Any CPU
		{05CDE44D-F7DC-4804-9E17-BC87049A6920}.Release|Any CPU.ActiveCfg = Release|Any CPU
		{05CDE44D-F7DC-4804-9E17-BC87049A6920}.Release|Any CPU.Build.0 = Release|Any CPU
	EndGlobalSection
	GlobalSection(SolutionProperties) = preSolution
		HideSolutionNode = FALSE
	EndGlobalSection
	GlobalSection(ExtensibilityGlobals) = postSolution
		SolutionGuid = {BBA71635-474F-4379-9D18-ACD19CD38BE3}
	EndGlobalSection
EndGlobal
